
Microsoft Visual Studio Solution File, Format Version 12.00
# Visual Studio Version 17
VisualStudioVersion = 17.0.31903.59
MinimumVisualStudioVersion = 10.0.40219.1
Project("{2150E333-8FDC-42A3-9474-1A3956D46DE8}") = "Services", "Services", "{B6146A93-DC80-424D-8496-F7DB55ADA376}"
EndProject
Project("{FAE04EC0-301F-11D3-BF4B-00C04F79EFBC}") = "Auth", "Services\Auth\Auth.csproj", "{A1A05491-7896-462F-A553-786D10A4955D}"
EndProject
Project("{FAE04EC0-301F-11D3-BF4B-00C04F79EFBC}") = "Post_service", "Services\Post_service\Post_service.csproj", "{640A8E21-4665-499B-AC2A-E1FD3BFAED99}"
EndProject
Global
	GlobalSection(SolutionConfigurationPlatforms) = preSolution
		Debug|Any CPU = Debug|Any CPU
		Release|Any CPU = Release|Any CPU
	EndGlobalSection
	GlobalSection(SolutionProperties) = preSolution
		HideSolutionNode = FALSE
	EndGlobalSection
	GlobalSection(ProjectConfigurationPlatforms) = postSolution
		{A1A05491-7896-462F-A553-786D10A4955D}.Debug|Any CPU.ActiveCfg = Debug|Any CPU
		{A1A05491-7896-462F-A553-786D10A4955D}.Debug|Any CPU.Build.0 = Debug|Any CPU
		{A1A05491-7896-462F-A553-786D10A4955D}.Release|Any CPU.ActiveCfg = Release|Any CPU
		{A1A05491-7896-462F-A553-786D10A4955D}.Release|Any CPU.Build.0 = Release|Any CPU
		{640A8E21-4665-499B-AC2A-E1FD3BFAED99}.Debug|Any CPU.ActiveCfg = Debug|Any CPU
		{640A8E21-4665-499B-AC2A-E1FD3BFAED99}.Debug|Any CPU.Build.0 = Debug|Any CPU
		{640A8E21-4665-499B-AC2A-E1FD3BFAED99}.Release|Any CPU.ActiveCfg = Release|Any CPU
		{640A8E21-4665-499B-AC2A-E1FD3BFAED99}.Release|Any CPU.Build.0 = Release|Any CPU
	EndGlobalSection
	GlobalSection(NestedProjects) = preSolution
		{A1A05491-7896-462F-A553-786D10A4955D} = {B6146A93-DC80-424D-8496-F7DB55ADA376}
		{640A8E21-4665-499B-AC2A-E1FD3BFAED99} = {B6146A93-DC80-424D-8496-F7DB55ADA376}
	EndGlobalSection
EndGlobal
